// !$*UTF8*$!
{
	archiveVersion = 1;
	classes = {
	};
	objectVersion = 56;
	objects = {

/* Begin PBXBuildFile section */
		8B06FCA12B05B08A00E5F92E /* AppDelegate.swift in Sources */ = {isa = PBXBuildFile; fileRef = 8B06FCA02B05B08A00E5F92E /* AppDelegate.swift */; };
		8B06FCA32B05B08A00E5F92E /* SceneDelegate.swift in Sources */ = {isa = PBXBuildFile; fileRef = 8B06FCA22B05B08A00E5F92E /* SceneDelegate.swift */; };
		8B06FCA52B05B08A00E5F92E /* MainViewController.swift in Sources */ = {isa = PBXBuildFile; fileRef = 8B06FCA42B05B08A00E5F92E /* MainViewController.swift */; };
		8B06FCAA2B05B08B00E5F92E /* Assets.xcassets in Resources */ = {isa = PBXBuildFile; fileRef = 8B06FCA92B05B08B00E5F92E /* Assets.xcassets */; };
		8B06FCAD2B05B08B00E5F92E /* LaunchScreen.storyboard in Resources */ = {isa = PBXBuildFile; fileRef = 8B06FCAB2B05B08B00E5F92E /* LaunchScreen.storyboard */; };
		8B06FCB82B05B08B00E5F92E /* VIPER_ExamTests.swift in Sources */ = {isa = PBXBuildFile; fileRef = 8B06FCB72B05B08B00E5F92E /* VIPER_ExamTests.swift */; };
		8B06FCC22B05B08B00E5F92E /* VIPER_ExamUITests.swift in Sources */ = {isa = PBXBuildFile; fileRef = 8B06FCC12B05B08B00E5F92E /* VIPER_ExamUITests.swift */; };
		8B06FCC42B05B08B00E5F92E /* VIPER_ExamUITestsLaunchTests.swift in Sources */ = {isa = PBXBuildFile; fileRef = 8B06FCC32B05B08B00E5F92E /* VIPER_ExamUITestsLaunchTests.swift */; };
		8B06FCD22B05B29300E5F92E /* MainPresenter.swift in Sources */ = {isa = PBXBuildFile; fileRef = 8B06FCD12B05B29300E5F92E /* MainPresenter.swift */; };
		8B06FCD42B05B2BF00E5F92E /* MainInteractor.swift in Sources */ = {isa = PBXBuildFile; fileRef = 8B06FCD32B05B2BF00E5F92E /* MainInteractor.swift */; };
		8B06FCD62B05B2C800E5F92E /* MainEntity.swift in Sources */ = {isa = PBXBuildFile; fileRef = 8B06FCD52B05B2C800E5F92E /* MainEntity.swift */; };
		8B06FCD82B05B2D500E5F92E /* MainRouter.swift in Sources */ = {isa = PBXBuildFile; fileRef = 8B06FCD72B05B2D500E5F92E /* MainRouter.swift */; };
		8BBE5F222B05F78E00BA5A83 /* DogAPI.swift in Sources */ = {isa = PBXBuildFile; fileRef = 8BBE5F212B05F78E00BA5A83 /* DogAPI.swift */; };
		8BBE5F242B06499C00BA5A83 /* DogRequest.swift in Sources */ = {isa = PBXBuildFile; fileRef = 8BBE5F232B06499C00BA5A83 /* DogRequest.swift */; };
		8BBE5F262B0649A500BA5A83 /* DogResponse.swift in Sources */ = {isa = PBXBuildFile; fileRef = 8BBE5F252B0649A500BA5A83 /* DogResponse.swift */; };
		8BBE5F342B064C1F00BA5A83 /* Kingfisher in Frameworks */ = {isa = PBXBuildFile; productRef = 8BBE5F332B064C1F00BA5A83 /* Kingfisher */; };
		8BBE5F372B064C3000BA5A83 /* CombineMoya in Frameworks */ = {isa = PBXBuildFile; productRef = 8BBE5F362B064C3000BA5A83 /* CombineMoya */; };
		8BBE5F392B064C3000BA5A83 /* Moya in Frameworks */ = {isa = PBXBuildFile; productRef = 8BBE5F382B064C3000BA5A83 /* Moya */; };
		8BBE5F3B2B064C3000BA5A83 /* ReactiveMoya in Frameworks */ = {isa = PBXBuildFile; productRef = 8BBE5F3A2B064C3000BA5A83 /* ReactiveMoya */; };
		8BBE5F3D2B064C3000BA5A83 /* RxMoya in Frameworks */ = {isa = PBXBuildFile; productRef = 8BBE5F3C2B064C3000BA5A83 /* RxMoya */; };
		8BBE5F3F2B064C8F00BA5A83 /* APIService.swift in Sources */ = {isa = PBXBuildFile; fileRef = 8BBE5F3E2B064C8E00BA5A83 /* APIService.swift */; };
		8BBE5F4C2B06546C00BA5A83 /* Then in Frameworks */ = {isa = PBXBuildFile; productRef = 8BBE5F4B2B06546C00BA5A83 /* Then */; };
		8BBE5F4F2B065E2B00BA5A83 /* RxBlocking in Frameworks */ = {isa = PBXBuildFile; productRef = 8BBE5F4E2B065E2B00BA5A83 /* RxBlocking */; };
		8BBE5F512B065E2B00BA5A83 /* RxCocoa in Frameworks */ = {isa = PBXBuildFile; productRef = 8BBE5F502B065E2B00BA5A83 /* RxCocoa */; };
		8BBE5F532B065E2B00BA5A83 /* RxRelay in Frameworks */ = {isa = PBXBuildFile; productRef = 8BBE5F522B065E2B00BA5A83 /* RxRelay */; };
		8BBE5F562B065E3A00BA5A83 /* SnapKit in Frameworks */ = {isa = PBXBuildFile; productRef = 8BBE5F552B065E3A00BA5A83 /* SnapKit */; };
/* End PBXBuildFile section */

/* Begin PBXContainerItemProxy section */
		8B06FCB42B05B08B00E5F92E /* PBXContainerItemProxy */ = {
			isa = PBXContainerItemProxy;
			containerPortal = 8B06FC952B05B08A00E5F92E /* Project object */;
			proxyType = 1;
			remoteGlobalIDString = 8B06FC9C2B05B08A00E5F92E;
			remoteInfo = VIPER_Exam;
		};
		8B06FCBE2B05B08B00E5F92E /* PBXContainerItemProxy */ = {
			isa = PBXContainerItemProxy;
			containerPortal = 8B06FC952B05B08A00E5F92E /* Project object */;
			proxyType = 1;
			remoteGlobalIDString = 8B06FC9C2B05B08A00E5F92E;
			remoteInfo = VIPER_Exam;
		};
/* End PBXContainerItemProxy section */

/* Begin PBXFileReference section */
		8B06FC9D2B05B08A00E5F92E /* VIPER_Exam.app */ = {isa = PBXFileReference; explicitFileType = wrapper.application; includeInIndex = 0; path = VIPER_Exam.app; sourceTree = BUILT_PRODUCTS_DIR; };
		8B06FCA02B05B08A00E5F92E /* AppDelegate.swift */ = {isa = PBXFileReference; lastKnownFileType = sourcecode.swift; path = AppDelegate.swift; sourceTree = "<group>"; };
		8B06FCA22B05B08A00E5F92E /* SceneDelegate.swift */ = {isa = PBXFileReference; lastKnownFileType = sourcecode.swift; path = SceneDelegate.swift; sourceTree = "<group>"; };
		8B06FCA42B05B08A00E5F92E /* MainViewController.swift */ = {isa = PBXFileReference; lastKnownFileType = sourcecode.swift; path = MainViewController.swift; sourceTree = "<group>"; };
		8B06FCA92B05B08B00E5F92E /* Assets.xcassets */ = {isa = PBXFileReference; lastKnownFileType = folder.assetcatalog; path = Assets.xcassets; sourceTree = "<group>"; };
		8B06FCAC2B05B08B00E5F92E /* Base */ = {isa = PBXFileReference; lastKnownFileType = file.storyboard; name = Base; path = Base.lproj/LaunchScreen.storyboard; sourceTree = "<group>"; };
		8B06FCAE2B05B08B00E5F92E /* Info.plist */ = {isa = PBXFileReference; lastKnownFileType = text.plist.xml; path = Info.plist; sourceTree = "<group>"; };
		8B06FCB32B05B08B00E5F92E /* VIPER_ExamTests.xctest */ = {isa = PBXFileReference; explicitFileType = wrapper.cfbundle; includeInIndex = 0; path = VIPER_ExamTests.xctest; sourceTree = BUILT_PRODUCTS_DIR; };
		8B06FCB72B05B08B00E5F92E /* VIPER_ExamTests.swift */ = {isa = PBXFileReference; lastKnownFileType = sourcecode.swift; path = VIPER_ExamTests.swift; sourceTree = "<group>"; };
		8B06FCBD2B05B08B00E5F92E /* VIPER_ExamUITests.xctest */ = {isa = PBXFileReference; explicitFileType = wrapper.cfbundle; includeInIndex = 0; path = VIPER_ExamUITests.xctest; sourceTree = BUILT_PRODUCTS_DIR; };
		8B06FCC12B05B08B00E5F92E /* VIPER_ExamUITests.swift */ = {isa = PBXFileReference; lastKnownFileType = sourcecode.swift; path = VIPER_ExamUITests.swift; sourceTree = "<group>"; };
		8B06FCC32B05B08B00E5F92E /* VIPER_ExamUITestsLaunchTests.swift */ = {isa = PBXFileReference; lastKnownFileType = sourcecode.swift; path = VIPER_ExamUITestsLaunchTests.swift; sourceTree = "<group>"; };
		8B06FCD12B05B29300E5F92E /* MainPresenter.swift */ = {isa = PBXFileReference; lastKnownFileType = sourcecode.swift; path = MainPresenter.swift; sourceTree = "<group>"; };
		8B06FCD32B05B2BF00E5F92E /* MainInteractor.swift */ = {isa = PBXFileReference; lastKnownFileType = sourcecode.swift; path = MainInteractor.swift; sourceTree = "<group>"; };
		8B06FCD52B05B2C800E5F92E /* MainEntity.swift */ = {isa = PBXFileReference; lastKnownFileType = sourcecode.swift; path = MainEntity.swift; sourceTree = "<group>"; };
		8B06FCD72B05B2D500E5F92E /* MainRouter.swift */ = {isa = PBXFileReference; lastKnownFileType = sourcecode.swift; path = MainRouter.swift; sourceTree = "<group>"; };
		8BBE5F212B05F78E00BA5A83 /* DogAPI.swift */ = {isa = PBXFileReference; lastKnownFileType = sourcecode.swift; path = DogAPI.swift; sourceTree = "<group>"; };
		8BBE5F232B06499C00BA5A83 /* DogRequest.swift */ = {isa = PBXFileReference; lastKnownFileType = sourcecode.swift; path = DogRequest.swift; sourceTree = "<group>"; };
		8BBE5F252B0649A500BA5A83 /* DogResponse.swift */ = {isa = PBXFileReference; lastKnownFileType = sourcecode.swift; path = DogResponse.swift; sourceTree = "<group>"; };
		8BBE5F3E2B064C8E00BA5A83 /* APIService.swift */ = {isa = PBXFileReference; lastKnownFileType = sourcecode.swift; path = APIService.swift; sourceTree = "<group>"; };
/* End PBXFileReference section */

/* Begin PBXFrameworksBuildPhase section */
		8B06FC9A2B05B08A00E5F92E /* Frameworks */ = {
			isa = PBXFrameworksBuildPhase;
			buildActionMask = 2147483647;
			files = (
				8BBE5F392B064C3000BA5A83 /* Moya in Frameworks */,
				8BBE5F4F2B065E2B00BA5A83 /* RxBlocking in Frameworks */,
				8BBE5F512B065E2B00BA5A83 /* RxCocoa in Frameworks */,
				8BBE5F3D2B064C3000BA5A83 /* RxMoya in Frameworks */,
				8BBE5F3B2B064C3000BA5A83 /* ReactiveMoya in Frameworks */,
				8BBE5F4C2B06546C00BA5A83 /* Then in Frameworks */,
				8BBE5F342B064C1F00BA5A83 /* Kingfisher in Frameworks */,
				8BBE5F372B064C3000BA5A83 /* CombineMoya in Frameworks */,
				8BBE5F532B065E2B00BA5A83 /* RxRelay in Frameworks */,
				8BBE5F562B065E3A00BA5A83 /* SnapKit in Frameworks */,
			);
			runOnlyForDeploymentPostprocessing = 0;
		};
		8B06FCB02B05B08B00E5F92E /* Frameworks */ = {
			isa = PBXFrameworksBuildPhase;
			buildActionMask = 2147483647;
			files = (
			);
			runOnlyForDeploymentPostprocessing = 0;
		};
		8B06FCBA2B05B08B00E5F92E /* Frameworks */ = {
			isa = PBXFrameworksBuildPhase;
			buildActionMask = 2147483647;
			files = (
			);
			runOnlyForDeploymentPostprocessing = 0;
		};
/* End PBXFrameworksBuildPhase section */

/* Begin PBXGroup section */
		8B06FC942B05B08A00E5F92E = {
			isa = PBXGroup;
			children = (
				8B06FC9F2B05B08A00E5F92E /* VIPER_Exam */,
				8B06FCB62B05B08B00E5F92E /* VIPER_ExamTests */,
				8B06FCC02B05B08B00E5F92E /* VIPER_ExamUITests */,
				8B06FC9E2B05B08A00E5F92E /* Products */,
			);
			sourceTree = "<group>";
		};
		8B06FC9E2B05B08A00E5F92E /* Products */ = {
			isa = PBXGroup;
			children = (
				8B06FC9D2B05B08A00E5F92E /* VIPER_Exam.app */,
				8B06FCB32B05B08B00E5F92E /* VIPER_ExamTests.xctest */,
				8B06FCBD2B05B08B00E5F92E /* VIPER_ExamUITests.xctest */,
			);
			name = Products;
			sourceTree = "<group>";
		};
		8B06FC9F2B05B08A00E5F92E /* VIPER_Exam */ = {
			isa = PBXGroup;
			children = (
				8B06FCD92B05B59500E5F92E /* App */,
				8BBE5F202B05F68B00BA5A83 /* Network */,
				8B06FCD02B05B26200E5F92E /* Main */,
				8B06FCA92B05B08B00E5F92E /* Assets.xcassets */,
				8B06FCAB2B05B08B00E5F92E /* LaunchScreen.storyboard */,
				8B06FCAE2B05B08B00E5F92E /* Info.plist */,
			);
			path = VIPER_Exam;
			sourceTree = "<group>";
		};
		8B06FCB62B05B08B00E5F92E /* VIPER_ExamTests */ = {
			isa = PBXGroup;
			children = (
				8B06FCB72B05B08B00E5F92E /* VIPER_ExamTests.swift */,
			);
			path = VIPER_ExamTests;
			sourceTree = "<group>";
		};
		8B06FCC02B05B08B00E5F92E /* VIPER_ExamUITests */ = {
			isa = PBXGroup;
			children = (
				8B06FCC12B05B08B00E5F92E /* VIPER_ExamUITests.swift */,
				8B06FCC32B05B08B00E5F92E /* VIPER_ExamUITestsLaunchTests.swift */,
			);
			path = VIPER_ExamUITests;
			sourceTree = "<group>";
		};
		8B06FCD02B05B26200E5F92E /* Main */ = {
			isa = PBXGroup;
			children = (
				8B06FCA42B05B08A00E5F92E /* MainViewController.swift */,
				8B06FCD12B05B29300E5F92E /* MainPresenter.swift */,
				8B06FCD32B05B2BF00E5F92E /* MainInteractor.swift */,
				8B06FCD52B05B2C800E5F92E /* MainEntity.swift */,
				8B06FCD72B05B2D500E5F92E /* MainRouter.swift */,
			);
			path = Main;
			sourceTree = "<group>";
		};
		8B06FCD92B05B59500E5F92E /* App */ = {
			isa = PBXGroup;
			children = (
				8B06FCA02B05B08A00E5F92E /* AppDelegate.swift */,
				8B06FCA22B05B08A00E5F92E /* SceneDelegate.swift */,
			);
			path = App;
			sourceTree = "<group>";
		};
		8BBE5F202B05F68B00BA5A83 /* Network */ = {
			isa = PBXGroup;
			children = (
				8BBE5F212B05F78E00BA5A83 /* DogAPI.swift */,
				8BBE5F232B06499C00BA5A83 /* DogRequest.swift */,
				8BBE5F252B0649A500BA5A83 /* DogResponse.swift */,
				8BBE5F3E2B064C8E00BA5A83 /* APIService.swift */,
			);
			path = Network;
			sourceTree = "<group>";
		};
/* End PBXGroup section */

/* Begin PBXNativeTarget section */
		8B06FC9C2B05B08A00E5F92E /* VIPER_Exam */ = {
			isa = PBXNativeTarget;
			buildConfigurationList = 8B06FCC72B05B08B00E5F92E /* Build configuration list for PBXNativeTarget "VIPER_Exam" */;
			buildPhases = (
				8B06FC992B05B08A00E5F92E /* Sources */,
				8B06FC9A2B05B08A00E5F92E /* Frameworks */,
				8B06FC9B2B05B08A00E5F92E /* Resources */,
			);
			buildRules = (
			);
			dependencies = (
			);
			name = VIPER_Exam;
			packageProductDependencies = (
				8BBE5F332B064C1F00BA5A83 /* Kingfisher */,
				8BBE5F362B064C3000BA5A83 /* CombineMoya */,
				8BBE5F382B064C3000BA5A83 /* Moya */,
				8BBE5F3A2B064C3000BA5A83 /* ReactiveMoya */,
				8BBE5F3C2B064C3000BA5A83 /* RxMoya */,
				8BBE5F4B2B06546C00BA5A83 /* Then */,
				8BBE5F4E2B065E2B00BA5A83 /* RxBlocking */,
				8BBE5F502B065E2B00BA5A83 /* RxCocoa */,
				8BBE5F522B065E2B00BA5A83 /* RxRelay */,
				8BBE5F552B065E3A00BA5A83 /* SnapKit */,
			);
			productName = VIPER_Exam;
			productReference = 8B06FC9D2B05B08A00E5F92E /* VIPER_Exam.app */;
			productType = "com.apple.product-type.application";
		};
		8B06FCB22B05B08B00E5F92E /* VIPER_ExamTests */ = {
			isa = PBXNativeTarget;
			buildConfigurationList = 8B06FCCA2B05B08B00E5F92E /* Build configuration list for PBXNativeTarget "VIPER_ExamTests" */;
			buildPhases = (
				8B06FCAF2B05B08B00E5F92E /* Sources */,
				8B06FCB02B05B08B00E5F92E /* Frameworks */,
				8B06FCB12B05B08B00E5F92E /* Resources */,
			);
			buildRules = (
			);
			dependencies = (
				8B06FCB52B05B08B00E5F92E /* PBXTargetDependency */,
			);
			name = VIPER_ExamTests;
			productName = VIPER_ExamTests;
			productReference = 8B06FCB32B05B08B00E5F92E /* VIPER_ExamTests.xctest */;
			productType = "com.apple.product-type.bundle.unit-test";
		};
		8B06FCBC2B05B08B00E5F92E /* VIPER_ExamUITests */ = {
			isa = PBXNativeTarget;
			buildConfigurationList = 8B06FCCD2B05B08B00E5F92E /* Build configuration list for PBXNativeTarget "VIPER_ExamUITests" */;
			buildPhases = (
				8B06FCB92B05B08B00E5F92E /* Sources */,
				8B06FCBA2B05B08B00E5F92E /* Frameworks */,
				8B06FCBB2B05B08B00E5F92E /* Resources */,
			);
			buildRules = (
			);
			dependencies = (
				8B06FCBF2B05B08B00E5F92E /* PBXTargetDependency */,
			);
			name = VIPER_ExamUITests;
			productName = VIPER_ExamUITests;
			productReference = 8B06FCBD2B05B08B00E5F92E /* VIPER_ExamUITests.xctest */;
			productType = "com.apple.product-type.bundle.ui-testing";
		};
/* End PBXNativeTarget section */

/* Begin PBXProject section */
		8B06FC952B05B08A00E5F92E /* Project object */ = {
			isa = PBXProject;
			attributes = {
				BuildIndependentTargetsInParallel = 1;
				LastSwiftUpdateCheck = 1500;
				LastUpgradeCheck = 1500;
				TargetAttributes = {
					8B06FC9C2B05B08A00E5F92E = {
						CreatedOnToolsVersion = 15.0;
					};
					8B06FCB22B05B08B00E5F92E = {
						CreatedOnToolsVersion = 15.0;
						TestTargetID = 8B06FC9C2B05B08A00E5F92E;
					};
					8B06FCBC2B05B08B00E5F92E = {
						CreatedOnToolsVersion = 15.0;
						TestTargetID = 8B06FC9C2B05B08A00E5F92E;
					};
				};
			};
			buildConfigurationList = 8B06FC982B05B08A00E5F92E /* Build configuration list for PBXProject "VIPER_Exam" */;
			compatibilityVersion = "Xcode 14.0";
			developmentRegion = en;
			hasScannedForEncodings = 0;
			knownRegions = (
				en,
				Base,
			);
			mainGroup = 8B06FC942B05B08A00E5F92E;
			packageReferences = (
				8BBE5F162B05F5EA00BA5A83 /* XCRemoteSwiftPackageReference "Swinject" */,
				8BBE5F322B064C1F00BA5A83 /* XCRemoteSwiftPackageReference "Kingfisher" */,
				8BBE5F352B064C3000BA5A83 /* XCRemoteSwiftPackageReference "Moya" */,
				8BBE5F4A2B06546C00BA5A83 /* XCRemoteSwiftPackageReference "Then" */,
				8BBE5F4D2B065E2B00BA5A83 /* XCRemoteSwiftPackageReference "RxSwift" */,
				8BBE5F542B065E3A00BA5A83 /* XCRemoteSwiftPackageReference "SnapKit" */,
			);
			productRefGroup = 8B06FC9E2B05B08A00E5F92E /* Products */;
			projectDirPath = "";
			projectRoot = "";
			targets = (
				8B06FC9C2B05B08A00E5F92E /* VIPER_Exam */,
				8B06FCB22B05B08B00E5F92E /* VIPER_ExamTests */,
				8B06FCBC2B05B08B00E5F92E /* VIPER_ExamUITests */,
			);
		};
/* End PBXProject section */

/* Begin PBXResourcesBuildPhase section */
		8B06FC9B2B05B08A00E5F92E /* Resources */ = {
			isa = PBXResourcesBuildPhase;
			buildActionMask = 2147483647;
			files = (
				8B06FCAD2B05B08B00E5F92E /* LaunchScreen.storyboard in Resources */,
				8B06FCAA2B05B08B00E5F92E /* Assets.xcassets in Resources */,
			);
			runOnlyForDeploymentPostprocessing = 0;
		};
		8B06FCB12B05B08B00E5F92E /* Resources */ = {
			isa = PBXResourcesBuildPhase;
			buildActionMask = 2147483647;
			files = (
			);
			runOnlyForDeploymentPostprocessing = 0;
		};
		8B06FCBB2B05B08B00E5F92E /* Resources */ = {
			isa = PBXResourcesBuildPhase;
			buildActionMask = 2147483647;
			files = (
			);
			runOnlyForDeploymentPostprocessing = 0;
		};
/* End PBXResourcesBuildPhase section */

/* Begin PBXSourcesBuildPhase section */
		8B06FC992B05B08A00E5F92E /* Sources */ = {
			isa = PBXSourcesBuildPhase;
			buildActionMask = 2147483647;
			files = (
				8B06FCA52B05B08A00E5F92E /* MainViewController.swift in Sources */,
				8BBE5F262B0649A500BA5A83 /* DogResponse.swift in Sources */,
				8BBE5F222B05F78E00BA5A83 /* DogAPI.swift in Sources */,
				8B06FCD82B05B2D500E5F92E /* MainRouter.swift in Sources */,
				8BBE5F3F2B064C8F00BA5A83 /* APIService.swift in Sources */,
				8B06FCA12B05B08A00E5F92E /* AppDelegate.swift in Sources */,
				8B06FCA32B05B08A00E5F92E /* SceneDelegate.swift in Sources */,
				8B06FCD42B05B2BF00E5F92E /* MainInteractor.swift in Sources */,
				8B06FCD22B05B29300E5F92E /* MainPresenter.swift in Sources */,
				8B06FCD62B05B2C800E5F92E /* MainEntity.swift in Sources */,
				8BBE5F242B06499C00BA5A83 /* DogRequest.swift in Sources */,
			);
			runOnlyForDeploymentPostprocessing = 0;
		};
		8B06FCAF2B05B08B00E5F92E /* Sources */ = {
			isa = PBXSourcesBuildPhase;
			buildActionMask = 2147483647;
			files = (
				8B06FCB82B05B08B00E5F92E /* VIPER_ExamTests.swift in Sources */,
			);
			runOnlyForDeploymentPostprocessing = 0;
		};
		8B06FCB92B05B08B00E5F92E /* Sources */ = {
			isa = PBXSourcesBuildPhase;
			buildActionMask = 2147483647;
			files = (
				8B06FCC42B05B08B00E5F92E /* VIPER_ExamUITestsLaunchTests.swift in Sources */,
				8B06FCC22B05B08B00E5F92E /* VIPER_ExamUITests.swift in Sources */,
			);
			runOnlyForDeploymentPostprocessing = 0;
		};
/* End PBXSourcesBuildPhase section */

/* Begin PBXTargetDependency section */
		8B06FCB52B05B08B00E5F92E /* PBXTargetDependency */ = {
			isa = PBXTargetDependency;
			target = 8B06FC9C2B05B08A00E5F92E /* VIPER_Exam */;
			targetProxy = 8B06FCB42B05B08B00E5F92E /* PBXContainerItemProxy */;
		};
		8B06FCBF2B05B08B00E5F92E /* PBXTargetDependency */ = {
			isa = PBXTargetDependency;
			target = 8B06FC9C2B05B08A00E5F92E /* VIPER_Exam */;
			targetProxy = 8B06FCBE2B05B08B00E5F92E /* PBXContainerItemProxy */;
		};
/* End PBXTargetDependency section */

/* Begin PBXVariantGroup section */
		8B06FCAB2B05B08B00E5F92E /* LaunchScreen.storyboard */ = {
			isa = PBXVariantGroup;
			children = (
				8B06FCAC2B05B08B00E5F92E /* Base */,
			);
			name = LaunchScreen.storyboard;
			sourceTree = "<group>";
		};
/* End PBXVariantGroup section */

/* Begin XCBuildConfiguration section */
		8B06FCC52B05B08B00E5F92E /* Debug */ = {
			isa = XCBuildConfiguration;
			buildSettings = {
				ALWAYS_SEARCH_USER_PATHS = NO;
				ASSETCATALOG_COMPILER_GENERATE_SWIFT_ASSET_SYMBOL_EXTENSIONS = YES;
				CLANG_ANALYZER_NONNULL = YES;
				CLANG_ANALYZER_NUMBER_OBJECT_CONVERSION = YES_AGGRESSIVE;
				CLANG_CXX_LANGUAGE_STANDARD = "gnu++20";
				CLANG_ENABLE_MODULES = YES;
				CLANG_ENABLE_OBJC_ARC = YES;
				CLANG_ENABLE_OBJC_WEAK = YES;
				CLANG_WARN_BLOCK_CAPTURE_AUTORELEASING = YES;
				CLANG_WARN_BOOL_CONVERSION = YES;
				CLANG_WARN_COMMA = YES;
				CLANG_WARN_CONSTANT_CONVERSION = YES;
				CLANG_WARN_DEPRECATED_OBJC_IMPLEMENTATIONS = YES;
				CLANG_WARN_DIRECT_OBJC_ISA_USAGE = YES_ERROR;
				CLANG_WARN_DOCUMENTATION_COMMENTS = YES;
				CLANG_WARN_EMPTY_BODY = YES;
				CLANG_WARN_ENUM_CONVERSION = YES;
				CLANG_WARN_INFINITE_RECURSION = YES;
				CLANG_WARN_INT_CONVERSION = YES;
				CLANG_WARN_NON_LITERAL_NULL_CONVERSION = YES;
				CLANG_WARN_OBJC_IMPLICIT_RETAIN_SELF = YES;
				CLANG_WARN_OBJC_LITERAL_CONVERSION = YES;
				CLANG_WARN_OBJC_ROOT_CLASS = YES_ERROR;
				CLANG_WARN_QUOTED_INCLUDE_IN_FRAMEWORK_HEADER = YES;
				CLANG_WARN_RANGE_LOOP_ANALYSIS = YES;
				CLANG_WARN_STRICT_PROTOTYPES = YES;
				CLANG_WARN_SUSPICIOUS_MOVE = YES;
				CLANG_WARN_UNGUARDED_AVAILABILITY = YES_AGGRESSIVE;
				CLANG_WARN_UNREACHABLE_CODE = YES;
				CLANG_WARN__DUPLICATE_METHOD_MATCH = YES;
				COPY_PHASE_STRIP = NO;
				DEBUG_INFORMATION_FORMAT = dwarf;
				ENABLE_STRICT_OBJC_MSGSEND = YES;
				ENABLE_TESTABILITY = YES;
				ENABLE_USER_SCRIPT_SANDBOXING = YES;
				GCC_C_LANGUAGE_STANDARD = gnu17;
				GCC_DYNAMIC_NO_PIC = NO;
				GCC_NO_COMMON_BLOCKS = YES;
				GCC_OPTIMIZATION_LEVEL = 0;
				GCC_PREPROCESSOR_DEFINITIONS = (
					"DEBUG=1",
					"$(inherited)",
				);
				GCC_WARN_64_TO_32_BIT_CONVERSION = YES;
				GCC_WARN_ABOUT_RETURN_TYPE = YES_ERROR;
				GCC_WARN_UNDECLARED_SELECTOR = YES;
				GCC_WARN_UNINITIALIZED_AUTOS = YES_AGGRESSIVE;
				GCC_WARN_UNUSED_FUNCTION = YES;
				GCC_WARN_UNUSED_VARIABLE = YES;
				IPHONEOS_DEPLOYMENT_TARGET = 16.0;
				LOCALIZATION_PREFERS_STRING_CATALOGS = YES;
				MTL_ENABLE_DEBUG_INFO = INCLUDE_SOURCE;
				MTL_FAST_MATH = YES;
				ONLY_ACTIVE_ARCH = YES;
				SDKROOT = iphoneos;
				SWIFT_ACTIVE_COMPILATION_CONDITIONS = "DEBUG $(inherited)";
				SWIFT_OPTIMIZATION_LEVEL = "-Onone";
			};
			name = Debug;
		};
		8B06FCC62B05B08B00E5F92E /* Release */ = {
			isa = XCBuildConfiguration;
			buildSettings = {
				ALWAYS_SEARCH_USER_PATHS = NO;
				ASSETCATALOG_COMPILER_GENERATE_SWIFT_ASSET_SYMBOL_EXTENSIONS = YES;
				CLANG_ANALYZER_NONNULL = YES;
				CLANG_ANALYZER_NUMBER_OBJECT_CONVERSION = YES_AGGRESSIVE;
				CLANG_CXX_LANGUAGE_STANDARD = "gnu++20";
				CLANG_ENABLE_MODULES = YES;
				CLANG_ENABLE_OBJC_ARC = YES;
				CLANG_ENABLE_OBJC_WEAK = YES;
				CLANG_WARN_BLOCK_CAPTURE_AUTORELEASING = YES;
				CLANG_WARN_BOOL_CONVERSION = YES;
				CLANG_WARN_COMMA = YES;
				CLANG_WARN_CONSTANT_CONVERSION = YES;
				CLANG_WARN_DEPRECATED_OBJC_IMPLEMENTATIONS = YES;
				CLANG_WARN_DIRECT_OBJC_ISA_USAGE = YES_ERROR;
				CLANG_WARN_DOCUMENTATION_COMMENTS = YES;
				CLANG_WARN_EMPTY_BODY = YES;
				CLANG_WARN_ENUM_CONVERSION = YES;
				CLANG_WARN_INFINITE_RECURSION = YES;
				CLANG_WARN_INT_CONVERSION = YES;
				CLANG_WARN_NON_LITERAL_NULL_CONVERSION = YES;
				CLANG_WARN_OBJC_IMPLICIT_RETAIN_SELF = YES;
				CLANG_WARN_OBJC_LITERAL_CONVERSION = YES;
				CLANG_WARN_OBJC_ROOT_CLASS = YES_ERROR;
				CLANG_WARN_QUOTED_INCLUDE_IN_FRAMEWORK_HEADER = YES;
				CLANG_WARN_RANGE_LOOP_ANALYSIS = YES;
				CLANG_WARN_STRICT_PROTOTYPES = YES;
				CLANG_WARN_SUSPICIOUS_MOVE = YES;
				CLANG_WARN_UNGUARDED_AVAILABILITY = YES_AGGRESSIVE;
				CLANG_WARN_UNREACHABLE_CODE = YES;
				CLANG_WARN__DUPLICATE_METHOD_MATCH = YES;
				COPY_PHASE_STRIP = NO;
				DEBUG_INFORMATION_FORMAT = "dwarf-with-dsym";
				ENABLE_NS_ASSERTIONS = NO;
				ENABLE_STRICT_OBJC_MSGSEND = YES;
				ENABLE_USER_SCRIPT_SANDBOXING = YES;
				GCC_C_LANGUAGE_STANDARD = gnu17;
				GCC_NO_COMMON_BLOCKS = YES;
				GCC_WARN_64_TO_32_BIT_CONVERSION = YES;
				GCC_WARN_ABOUT_RETURN_TYPE = YES_ERROR;
				GCC_WARN_UNDECLARED_SELECTOR = YES;
				GCC_WARN_UNINITIALIZED_AUTOS = YES_AGGRESSIVE;
				GCC_WARN_UNUSED_FUNCTION = YES;
				GCC_WARN_UNUSED_VARIABLE = YES;
				IPHONEOS_DEPLOYMENT_TARGET = 16.0;
				LOCALIZATION_PREFERS_STRING_CATALOGS = YES;
				MTL_ENABLE_DEBUG_INFO = NO;
				MTL_FAST_MATH = YES;
				SDKROOT = iphoneos;
				SWIFT_COMPILATION_MODE = wholemodule;
				VALIDATE_PRODUCT = YES;
			};
			name = Release;
		};
		8B06FCC82B05B08B00E5F92E /* Debug */ = {
			isa = XCBuildConfiguration;
			buildSettings = {
				ASSETCATALOG_COMPILER_APPICON_NAME = AppIcon;
				ASSETCATALOG_COMPILER_GLOBAL_ACCENT_COLOR_NAME = AccentColor;
				CODE_SIGN_STYLE = Automatic;
				CURRENT_PROJECT_VERSION = 1;
				DEVELOPMENT_TEAM = MU569YV3Y3;
				GENERATE_INFOPLIST_FILE = YES;
				INFOPLIST_FILE = VIPER_Exam/Info.plist;
				INFOPLIST_KEY_UIApplicationSupportsIndirectInputEvents = YES;
				INFOPLIST_KEY_UILaunchStoryboardName = LaunchScreen;
				INFOPLIST_KEY_UISupportedInterfaceOrientations = UIInterfaceOrientationPortrait;
				INFOPLIST_KEY_UISupportedInterfaceOrientations_iPad = "UIInterfaceOrientationLandscapeLeft UIInterfaceOrientationLandscapeRight UIInterfaceOrientationPortrait UIInterfaceOrientationPortraitUpsideDown";
				IPHONEOS_DEPLOYMENT_TARGET = 16.0;
				LD_RUNPATH_SEARCH_PATHS = (
					"$(inherited)",
					"@executable_path/Frameworks",
				);
				MARKETING_VERSION = 1.0;
				PRODUCT_BUNDLE_IDENTIFIER = "com.appboong.VIPER-Exam";
				PRODUCT_NAME = "$(TARGET_NAME)";
				SUPPORTED_PLATFORMS = "iphoneos iphonesimulator";
				SUPPORTS_MACCATALYST = NO;
				SWIFT_EMIT_LOC_STRINGS = YES;
				SWIFT_VERSION = 5.0;
				TARGETED_DEVICE_FAMILY = 1;
			};
			name = Debug;
		};
		8B06FCC92B05B08B00E5F92E /* Release */ = {
			isa = XCBuildConfiguration;
			buildSettings = {
				ASSETCATALOG_COMPILER_APPICON_NAME = AppIcon;
				ASSETCATALOG_COMPILER_GLOBAL_ACCENT_COLOR_NAME = AccentColor;
				CODE_SIGN_STYLE = Automatic;
				CURRENT_PROJECT_VERSION = 1;
				DEVELOPMENT_TEAM = MU569YV3Y3;
				GENERATE_INFOPLIST_FILE = YES;
				INFOPLIST_FILE = VIPER_Exam/Info.plist;
				INFOPLIST_KEY_UIApplicationSupportsIndirectInputEvents = YES;
				INFOPLIST_KEY_UILaunchStoryboardName = LaunchScreen;
				INFOPLIST_KEY_UISupportedInterfaceOrientations = UIInterfaceOrientationPortrait;
				INFOPLIST_KEY_UISupportedInterfaceOrientations_iPad = "UIInterfaceOrientationLandscapeLeft UIInterfaceOrientationLandscapeRight UIInterfaceOrientationPortrait UIInterfaceOrientationPortraitUpsideDown";
				IPHONEOS_DEPLOYMENT_TARGET = 16.0;
				LD_RUNPATH_SEARCH_PATHS = (
					"$(inherited)",
					"@executable_path/Frameworks",
				);
				MARKETING_VERSION = 1.0;
				PRODUCT_BUNDLE_IDENTIFIER = "com.appboong.VIPER-Exam";
				PRODUCT_NAME = "$(TARGET_NAME)";
				SUPPORTED_PLATFORMS = "iphoneos iphonesimulator";
				SUPPORTS_MACCATALYST = NO;
				SWIFT_EMIT_LOC_STRINGS = YES;
				SWIFT_VERSION = 5.0;
				TARGETED_DEVICE_FAMILY = 1;
			};
			name = Release;
		};
		8B06FCCB2B05B08B00E5F92E /* Debug */ = {
			isa = XCBuildConfiguration;
			buildSettings = {
				ALWAYS_EMBED_SWIFT_STANDARD_LIBRARIES = YES;
				BUNDLE_LOADER = "$(TEST_HOST)";
				CODE_SIGN_STYLE = Automatic;
				CURRENT_PROJECT_VERSION = 1;
				DEVELOPMENT_TEAM = MU569YV3Y3;
				GENERATE_INFOPLIST_FILE = YES;
				IPHONEOS_DEPLOYMENT_TARGET = 17.0;
				MARKETING_VERSION = 1.0;
				PRODUCT_BUNDLE_IDENTIFIER = "com.appboong.VIPER-ExamTests";
				PRODUCT_NAME = "$(TARGET_NAME)";
				SWIFT_EMIT_LOC_STRINGS = NO;
				SWIFT_VERSION = 5.0;
				TARGETED_DEVICE_FAMILY = "1,2";
				TEST_HOST = "$(BUILT_PRODUCTS_DIR)/VIPER_Exam.app/$(BUNDLE_EXECUTABLE_FOLDER_PATH)/VIPER_Exam";
			};
			name = Debug;
		};
		8B06FCCC2B05B08B00E5F92E /* Release */ = {
			isa = XCBuildConfiguration;
			buildSettings = {
				ALWAYS_EMBED_SWIFT_STANDARD_LIBRARIES = YES;
				BUNDLE_LOADER = "$(TEST_HOST)";
				CODE_SIGN_STYLE = Automatic;
				CURRENT_PROJECT_VERSION = 1;
				DEVELOPMENT_TEAM = MU569YV3Y3;
				GENERATE_INFOPLIST_FILE = YES;
				IPHONEOS_DEPLOYMENT_TARGET = 17.0;
				MARKETING_VERSION = 1.0;
				PRODUCT_BUNDLE_IDENTIFIER = "com.appboong.VIPER-ExamTests";
				PRODUCT_NAME = "$(TARGET_NAME)";
				SWIFT_EMIT_LOC_STRINGS = NO;
				SWIFT_VERSION = 5.0;
				TARGETED_DEVICE_FAMILY = "1,2";
				TEST_HOST = "$(BUILT_PRODUCTS_DIR)/VIPER_Exam.app/$(BUNDLE_EXECUTABLE_FOLDER_PATH)/VIPER_Exam";
			};
			name = Release;
		};
		8B06FCCE2B05B08B00E5F92E /* Debug */ = {
			isa = XCBuildConfiguration;
			buildSettings = {
				ALWAYS_EMBED_SWIFT_STANDARD_LIBRARIES = YES;
				CODE_SIGN_STYLE = Automatic;
				CURRENT_PROJECT_VERSION = 1;
				DEVELOPMENT_TEAM = MU569YV3Y3;
				GENERATE_INFOPLIST_FILE = YES;
				MARKETING_VERSION = 1.0;
				PRODUCT_BUNDLE_IDENTIFIER = "com.appboong.VIPER-ExamUITests";
				PRODUCT_NAME = "$(TARGET_NAME)";
				SWIFT_EMIT_LOC_STRINGS = NO;
				SWIFT_VERSION = 5.0;
				TARGETED_DEVICE_FAMILY = "1,2";
				TEST_TARGET_NAME = VIPER_Exam;
			};
			name = Debug;
		};
		8B06FCCF2B05B08B00E5F92E /* Release */ = {
			isa = XCBuildConfiguration;
			buildSettings = {
				ALWAYS_EMBED_SWIFT_STANDARD_LIBRARIES = YES;
				CODE_SIGN_STYLE = Automatic;
				CURRENT_PROJECT_VERSION = 1;
				DEVELOPMENT_TEAM = MU569YV3Y3;
				GENERATE_INFOPLIST_FILE = YES;
				MARKETING_VERSION = 1.0;
				PRODUCT_BUNDLE_IDENTIFIER = "com.appboong.VIPER-ExamUITests";
				PRODUCT_NAME = "$(TARGET_NAME)";
				SWIFT_EMIT_LOC_STRINGS = NO;
				SWIFT_VERSION = 5.0;
				TARGETED_DEVICE_FAMILY = "1,2";
				TEST_TARGET_NAME = VIPER_Exam;
			};
			name = Release;
		};
/* End XCBuildConfiguration section */

/* Begin XCConfigurationList section */
		8B06FC982B05B08A00E5F92E /* Build configuration list for PBXProject "VIPER_Exam" */ = {
			isa = XCConfigurationList;
			buildConfigurations = (
				8B06FCC52B05B08B00E5F92E /* Debug */,
				8B06FCC62B05B08B00E5F92E /* Release */,
			);
			defaultConfigurationIsVisible = 0;
			defaultConfigurationName = Release;
		};
		8B06FCC72B05B08B00E5F92E /* Build configuration list for PBXNativeTarget "VIPER_Exam" */ = {
			isa = XCConfigurationList;
			buildConfigurations = (
				8B06FCC82B05B08B00E5F92E /* Debug */,
				8B06FCC92B05B08B00E5F92E /* Release */,
			);
			defaultConfigurationIsVisible = 0;
			defaultConfigurationName = Release;
		};
		8B06FCCA2B05B08B00E5F92E /* Build configuration list for PBXNativeTarget "VIPER_ExamTests" */ = {
			isa = XCConfigurationList;
			buildConfigurations = (
				8B06FCCB2B05B08B00E5F92E /* Debug */,
				8B06FCCC2B05B08B00E5F92E /* Release */,
			);
			defaultConfigurationIsVisible = 0;
			defaultConfigurationName = Release;
		};
		8B06FCCD2B05B08B00E5F92E /* Build configuration list for PBXNativeTarget "VIPER_ExamUITests" */ = {
			isa = XCConfigurationList;
			buildConfigurations = (
				8B06FCCE2B05B08B00E5F92E /* Debug */,
				8B06FCCF2B05B08B00E5F92E /* Release */,
			);
			defaultConfigurationIsVisible = 0;
			defaultConfigurationName = Release;
		};
/* End XCConfigurationList section */

/* Begin XCRemoteSwiftPackageReference section */
		8BBE5F162B05F5EA00BA5A83 /* XCRemoteSwiftPackageReference "Swinject" */ = {
			isa = XCRemoteSwiftPackageReference;
			repositoryURL = "https://github.com/Swinject/Swinject.git";
			requirement = {
				kind = upToNextMajorVersion;
				minimumVersion = 2.8.4;
			};
		};
		8BBE5F322B064C1F00BA5A83 /* XCRemoteSwiftPackageReference "Kingfisher" */ = {
			isa = XCRemoteSwiftPackageReference;
			repositoryURL = "https://github.com/onevcat/Kingfisher.git";
			requirement = {
				kind = upToNextMajorVersion;
				minimumVersion = 7.10.0;
			};
		};
		8BBE5F352B064C3000BA5A83 /* XCRemoteSwiftPackageReference "Moya" */ = {
			isa = XCRemoteSwiftPackageReference;
			repositoryURL = "https://github.com/Moya/Moya.git";
			requirement = {
				kind = upToNextMajorVersion;
				minimumVersion = 15.0.3;
			};
		};
		8BBE5F4A2B06546C00BA5A83 /* XCRemoteSwiftPackageReference "Then" */ = {
			isa = XCRemoteSwiftPackageReference;
			repositoryURL = "https://github.com/devxoul/Then";
			requirement = {
				kind = upToNextMajorVersion;
				minimumVersion = 3.0.0;
			};
		};
		8BBE5F4D2B065E2B00BA5A83 /* XCRemoteSwiftPackageReference "RxSwift" */ = {
			isa = XCRemoteSwiftPackageReference;
			repositoryURL = "https://github.com/ReactiveX/RxSwift.git";
			requirement = {
				kind = upToNextMajorVersion;
				minimumVersion = 6.6.0;
			};
		};
		8BBE5F542B065E3A00BA5A83 /* XCRemoteSwiftPackageReference "SnapKit" */ = {
			isa = XCRemoteSwiftPackageReference;
			repositoryURL = "https://github.com/SnapKit/SnapKit.git";
			requirement = {
				kind = upToNextMajorVersion;
				minimumVersion = 5.6.0;
			};
		};
/* End XCRemoteSwiftPackageReference section */

/* Begin XCSwiftPackageProductDependency section */
		8BBE5F332B064C1F00BA5A83 /* Kingfisher */ = {
			isa = XCSwiftPackageProductDependency;
			package = 8BBE5F322B064C1F00BA5A83 /* XCRemoteSwiftPackageReference "Kingfisher" */;
			productName = Kingfisher;
		};
		8BBE5F362B064C3000BA5A83 /* CombineMoya */ = {
			isa = XCSwiftPackageProductDependency;
			package = 8BBE5F352B064C3000BA5A83 /* XCRemoteSwiftPackageReference "Moya" */;
			productName = CombineMoya;
		};
		8BBE5F382B064C3000BA5A83 /* Moya */ = {
			isa = XCSwiftPackageProductDependency;
			package = 8BBE5F352B064C3000BA5A83 /* XCRemoteSwiftPackageReference "Moya" */;
			productName = Moya;
		};
		8BBE5F3A2B064C3000BA5A83 /* ReactiveMoya */ = {
			isa = XCSwiftPackageProductDependency;
			package = 8BBE5F352B064C3000BA5A83 /* XCRemoteSwiftPackageReference "Moya" */;
			productName = ReactiveMoya;
		};
		8BBE5F3C2B064C3000BA5A83 /* RxMoya */ = {
			isa = XCSwiftPackageProductDependency;
			package = 8BBE5F352B064C3000BA5A83 /* XCRemoteSwiftPackageReference "Moya" */;
			productName = RxMoya;
		};
		8BBE5F4B2B06546C00BA5A83 /* Then */ = {
			isa = XCSwiftPackageProductDependency;
			package = 8BBE5F4A2B06546C00BA5A83 /* XCRemoteSwiftPackageReference "Then" */;
			productName = Then;
		};
		8BBE5F4E2B065E2B00BA5A83 /* RxBlocking */ = {
			isa = XCSwiftPackageProductDependency;
			package = 8BBE5F4D2B065E2B00BA5A83 /* XCRemoteSwiftPackageReference "RxSwift" */;
			productName = RxBlocking;
		};
		8BBE5F502B065E2B00BA5A83 /* RxCocoa */ = {
			isa = XCSwiftPackageProductDependency;
			package = 8BBE5F4D2B065E2B00BA5A83 /* XCRemoteSwiftPackageReference "RxSwift" */;
			productName = RxCocoa;
		};
		8BBE5F522B065E2B00BA5A83 /* RxRelay */ = {
			isa = XCSwiftPackageProductDependency;
			package = 8BBE5F4D2B065E2B00BA5A83 /* XCRemoteSwiftPackageReference "RxSwift" */;
			productName = RxRelay;
		};
		8BBE5F552B065E3A00BA5A83 /* SnapKit */ = {
			isa = XCSwiftPackageProductDependency;
			package = 8BBE5F542B065E3A00BA5A83 /* XCRemoteSwiftPackageReference "SnapKit" */;
			productName = SnapKit;
		};
/* End XCSwiftPackageProductDependency section */
	};
	rootObject = 8B06FC952B05B08A00E5F92E /* Project object */;
}
